
Microsoft Visual Studio Solution File, Format Version 12.00
# Visual Studio Version 17
VisualStudioVersion = 17.11.35222.181
MinimumVisualStudioVersion = 10.0.40219.1
Project("{2150E333-8FDC-42A3-9474-1A3956D46DE8}") = "Task0", "Task0", "{6F057287-CC43-4C53-A8EC-960E8438865E}"
EndProject
Project("{FAE04EC0-301F-11D3-BF4B-00C04F79EFBC}") = "Tyuiu.TyazhovLA.Sprint3.Task0.V8", "Tyuiu.TyazhovLA.Sprint3.Task0.V8\Tyuiu.TyazhovLA.Sprint3.Task0.V8.csproj", "{8AB6714F-61B8-4E53-89AF-CC1850DCAD9D}"
EndProject
Project("{FAE04EC0-301F-11D3-BF4B-00C04F79EFBC}") = "Tyuiu.TyazhovLA.Sprint3.Task0.V8.Lib", "Tyuiu.TyazhovLA.Sprint3.Task0.V8.Lib\Tyuiu.TyazhovLA.Sprint3.Task0.V8.Lib.csproj", "{6DCEF010-3595-4716-A868-312DC19AC4EE}"
EndProject
Project("{FAE04EC0-301F-11D3-BF4B-00C04F79EFBC}") = "Tyuiu.TyazhovLA.Sprint3.Task0.V8.Test", "Tyuiu.TyazhovLA.Sprint3.Task0.V8.Test\Tyuiu.TyazhovLA.Sprint3.Task0.V8.Test.csproj", "{7595BCD4-08F7-4C55-B6FE-E0E8EF352B04}"
EndProject
Project("{2150E333-8FDC-42A3-9474-1A3956D46DE8}") = "Task1", "Task1", "{7FF3C622-E66F-4857-ACC7-E6A5C9DC8D06}"
EndProject
Project("{FAE04EC0-301F-11D3-BF4B-00C04F79EFBC}") = "Tyuiu.TyazhovLA.Sprint3.Task1.V27", "Tyuiu.TyazhovLA.Sprint3.Task1.V27\Tyuiu.TyazhovLA.Sprint3.Task1.V27.csproj", "{83D41B6E-5D5D-432B-8F2C-B0FB30D278DA}"
EndProject
Project("{FAE04EC0-301F-11D3-BF4B-00C04F79EFBC}") = "Tyuiu.TyazhovLA.Sprint3.Task1.V27.Lib", "Tyuiu.TyazhovLA.Sprint3.Task1.V27.Lib\Tyuiu.TyazhovLA.Sprint3.Task1.V27.Lib.csproj", "{DA18344F-0AA2-469F-B9F4-A971AA93B83D}"
EndProject
Project("{FAE04EC0-301F-11D3-BF4B-00C04F79EFBC}") = "Tyuiu.TyazhovLA.Sprint3.Task1.V27.Test", "Tyuiu.TyazhovLA.Sprint3.Task1.V27.Test\Tyuiu.TyazhovLA.Sprint3.Task1.V27.Test.csproj", "{0FDBF833-80EF-440A-960B-628E3A102E47}"
EndProject
Project("{2150E333-8FDC-42A3-9474-1A3956D46DE8}") = "Task2", "Task2", "{61620515-0063-474E-8678-9F32AB4E30F2}"
EndProject
Project("{FAE04EC0-301F-11D3-BF4B-00C04F79EFBC}") = "Tyuiu.TyazhovLA.Sprint3.Task2.V9", "Tyuiu.TyazhovLA.Sprint3.Task2.V9\Tyuiu.TyazhovLA.Sprint3.Task2.V9.csproj", "{AE1FE53D-A1D8-43A3-80E5-60FCF676422F}"
EndProject
Project("{FAE04EC0-301F-11D3-BF4B-00C04F79EFBC}") = "Tyuiu.TyazhovLA.Sprint3.Task2.V9.Lib", "Tyuiu.TyazhovLA.Sprint3.Task2.V9.Lib\Tyuiu.TyazhovLA.Sprint3.Task2.V9.Lib.csproj", "{5D025D3E-8C77-4044-8A78-15DCBE439673}"
EndProject
Project("{FAE04EC0-301F-11D3-BF4B-00C04F79EFBC}") = "Tyuiu.TyazhovLA.Sprint3.Task2.V9.Test", "Tyuiu.TyazhovLA.Sprint3.Task2.V9.Test\Tyuiu.TyazhovLA.Sprint3.Task2.V9.Test.csproj", "{17D9A293-18F3-4EAB-AA46-793AE2120E48}"
EndProject
Global
	GlobalSection(SolutionConfigurationPlatforms) = preSolution
		Debug|Any CPU = Debug|Any CPU
		Release|Any CPU = Release|Any CPU
	EndGlobalSection
	GlobalSection(ProjectConfigurationPlatforms) = postSolution
		{8AB6714F-61B8-4E53-89AF-CC1850DCAD9D}.Debug|Any CPU.ActiveCfg = Debug|Any CPU
		{8AB6714F-61B8-4E53-89AF-CC1850DCAD9D}.Debug|Any CPU.Build.0 = Debug|Any CPU
		{8AB6714F-61B8-4E53-89AF-CC1850DCAD9D}.Release|Any CPU.ActiveCfg = Release|Any CPU
		{8AB6714F-61B8-4E53-89AF-CC1850DCAD9D}.Release|Any CPU.Build.0 = Release|Any CPU
		{6DCEF010-3595-4716-A868-312DC19AC4EE}.Debug|Any CPU.ActiveCfg = Debug|Any CPU
		{6DCEF010-3595-4716-A868-312DC19AC4EE}.Debug|Any CPU.Build.0 = Debug|Any CPU
		{6DCEF010-3595-4716-A868-312DC19AC4EE}.Release|Any CPU.ActiveCfg = Release|Any CPU
		{6DCEF010-3595-4716-A868-312DC19AC4EE}.Release|Any CPU.Build.0 = Release|Any CPU
		{7595BCD4-08F7-4C55-B6FE-E0E8EF352B04}.Debug|Any CPU.ActiveCfg = Debug|Any CPU
		{7595BCD4-08F7-4C55-B6FE-E0E8EF352B04}.Debug|Any CPU.Build.0 = Debug|Any CPU
		{7595BCD4-08F7-4C55-B6FE-E0E8EF352B04}.Release|Any CPU.ActiveCfg = Release|Any CPU
		{7595BCD4-08F7-4C55-B6FE-E0E8EF352B04}.Release|Any CPU.Build.0 = Release|Any CPU
		{83D41B6E-5D5D-432B-8F2C-B0FB30D278DA}.Debug|Any CPU.ActiveCfg = Debug|Any CPU
		{83D41B6E-5D5D-432B-8F2C-B0FB30D278DA}.Debug|Any CPU.Build.0 = Debug|Any CPU
		{83D41B6E-5D5D-432B-8F2C-B0FB30D278DA}.Release|Any CPU.ActiveCfg = Release|Any CPU
		{83D41B6E-5D5D-432B-8F2C-B0FB30D278DA}.Release|Any CPU.Build.0 = Release|Any CPU
		{DA18344F-0AA2-469F-B9F4-A971AA93B83D}.Debug|Any CPU.ActiveCfg = Debug|Any CPU
		{DA18344F-0AA2-469F-B9F4-A971AA93B83D}.Debug|Any CPU.Build.0 = Debug|Any CPU
		{DA18344F-0AA2-469F-B9F4-A971AA93B83D}.Release|Any CPU.ActiveCfg = Release|Any CPU
		{DA18344F-0AA2-469F-B9F4-A971AA93B83D}.Release|Any CPU.Build.0 = Release|Any CPU
		{0FDBF833-80EF-440A-960B-628E3A102E47}.Debug|Any CPU.ActiveCfg = Debug|Any CPU
		{0FDBF833-80EF-440A-960B-628E3A102E47}.Debug|Any CPU.Build.0 = Debug|Any CPU
		{0FDBF833-80EF-440A-960B-628E3A102E47}.Release|Any CPU.ActiveCfg = Release|Any CPU
		{0FDBF833-80EF-440A-960B-628E3A102E47}.Release|Any CPU.Build.0 = Release|Any CPU
		{AE1FE53D-A1D8-43A3-80E5-60FCF676422F}.Debug|Any CPU.ActiveCfg = Debug|Any CPU
		{AE1FE53D-A1D8-43A3-80E5-60FCF676422F}.Debug|Any CPU.Build.0 = Debug|Any CPU
		{AE1FE53D-A1D8-43A3-80E5-60FCF676422F}.Release|Any CPU.ActiveCfg = Release|Any CPU
		{AE1FE53D-A1D8-43A3-80E5-60FCF676422F}.Release|Any CPU.Build.0 = Release|Any CPU
		{5D025D3E-8C77-4044-8A78-15DCBE439673}.Debug|Any CPU.ActiveCfg = Debug|Any CPU
		{5D025D3E-8C77-4044-8A78-15DCBE439673}.Debug|Any CPU.Build.0 = Debug|Any CPU
		{5D025D3E-8C77-4044-8A78-15DCBE439673}.Release|Any CPU.ActiveCfg = Release|Any CPU
		{5D025D3E-8C77-4044-8A78-15DCBE439673}.Release|Any CPU.Build.0 = Release|Any CPU
		{17D9A293-18F3-4EAB-AA46-793AE2120E48}.Debug|Any CPU.ActiveCfg = Debug|Any CPU
		{17D9A293-18F3-4EAB-AA46-793AE2120E48}.Debug|Any CPU.Build.0 = Debug|Any CPU
		{17D9A293-18F3-4EAB-AA46-793AE2120E48}.Release|Any CPU.ActiveCfg = Release|Any CPU
		{17D9A293-18F3-4EAB-AA46-793AE2120E48}.Release|Any CPU.Build.0 = Release|Any CPU
	EndGlobalSection
	GlobalSection(SolutionProperties) = preSolution
		HideSolutionNode = FALSE
	EndGlobalSection
	GlobalSection(NestedProjects) = preSolution
		{8AB6714F-61B8-4E53-89AF-CC1850DCAD9D} = {6F057287-CC43-4C53-A8EC-960E8438865E}
		{6DCEF010-3595-4716-A868-312DC19AC4EE} = {6F057287-CC43-4C53-A8EC-960E8438865E}
		{7595BCD4-08F7-4C55-B6FE-E0E8EF352B04} = {6F057287-CC43-4C53-A8EC-960E8438865E}
		{83D41B6E-5D5D-432B-8F2C-B0FB30D278DA} = {7FF3C622-E66F-4857-ACC7-E6A5C9DC8D06}
		{DA18344F-0AA2-469F-B9F4-A971AA93B83D} = {7FF3C622-E66F-4857-ACC7-E6A5C9DC8D06}
		{0FDBF833-80EF-440A-960B-628E3A102E47} = {7FF3C622-E66F-4857-ACC7-E6A5C9DC8D06}
		{AE1FE53D-A1D8-43A3-80E5-60FCF676422F} = {61620515-0063-474E-8678-9F32AB4E30F2}
		{5D025D3E-8C77-4044-8A78-15DCBE439673} = {61620515-0063-474E-8678-9F32AB4E30F2}
		{17D9A293-18F3-4EAB-AA46-793AE2120E48} = {61620515-0063-474E-8678-9F32AB4E30F2}
	EndGlobalSection
	GlobalSection(ExtensibilityGlobals) = postSolution
		SolutionGuid = {1458A88E-4CB9-4CD2-8631-DD4584F86B77}
	EndGlobalSection
EndGlobal
